
Microsoft Visual Studio Solution File, Format Version 12.00
# Visual Studio Version 17
VisualStudioVersion = 17.11.35327.3
MinimumVisualStudioVersion = 10.0.40219.1
Project("{FAE04EC0-301F-11D3-BF4B-00C04F79EFBC}") = "PiTPM_Bashlykova523", "PiTPM_Bashlykova523\PiTPM_Bashlykova523.csproj", "{37316C3B-1E1E-4D47-8C83-ED7A98D5DD5F}"
EndProject
Project("{FAE04EC0-301F-11D3-BF4B-00C04F79EFBC}") = "PR6.1_Bank", "PR6.1\PR6.1_Bank.csproj", "{C888463A-11E8-4A58-AED1-F05369ABC149}"
EndProject
Project("{FAE04EC0-301F-11D3-BF4B-00C04F79EFBC}") = "PR6.1_BankTests", "PR6.1_BankTests\PR6.1_BankTests.csproj", "{CBB2672B-E8B8-4D8C-85C4-DF801B8F003E}"
EndProject
Global
	GlobalSection(SolutionConfigurationPlatforms) = preSolution
		Debug|Any CPU = Debug|Any CPU
		Release|Any CPU = Release|Any CPU
	EndGlobalSection
	GlobalSection(ProjectConfigurationPlatforms) = postSolution
		{37316C3B-1E1E-4D47-8C83-ED7A98D5DD5F}.Debug|Any CPU.ActiveCfg = Debug|Any CPU
		{37316C3B-1E1E-4D47-8C83-ED7A98D5DD5F}.Debug|Any CPU.Build.0 = Debug|Any CPU
		{37316C3B-1E1E-4D47-8C83-ED7A98D5DD5F}.Release|Any CPU.ActiveCfg = Release|Any CPU
		{37316C3B-1E1E-4D47-8C83-ED7A98D5DD5F}.Release|Any CPU.Build.0 = Release|Any CPU
		{C888463A-11E8-4A58-AED1-F05369ABC149}.Debug|Any CPU.ActiveCfg = Debug|Any CPU
		{C888463A-11E8-4A58-AED1-F05369ABC149}.Debug|Any CPU.Build.0 = Debug|Any CPU
		{C888463A-11E8-4A58-AED1-F05369ABC149}.Release|Any CPU.ActiveCfg = Release|Any CPU
		{C888463A-11E8-4A58-AED1-F05369ABC149}.Release|Any CPU.Build.0 = Release|Any CPU
		{CBB2672B-E8B8-4D8C-85C4-DF801B8F003E}.Debug|Any CPU.ActiveCfg = Debug|Any CPU
		{CBB2672B-E8B8-4D8C-85C4-DF801B8F003E}.Debug|Any CPU.Build.0 = Debug|Any CPU
		{CBB2672B-E8B8-4D8C-85C4-DF801B8F003E}.Release|Any CPU.ActiveCfg = Release|Any CPU
		{CBB2672B-E8B8-4D8C-85C4-DF801B8F003E}.Release|Any CPU.Build.0 = Release|Any CPU
	EndGlobalSection
	GlobalSection(SolutionProperties) = preSolution
		HideSolutionNode = FALSE
	EndGlobalSection
	GlobalSection(ExtensibilityGlobals) = postSolution
		SolutionGuid = {783C08BA-8CAA-409E-B78C-6E6E45AFAA8F}
	EndGlobalSection
EndGlobal
